
Microsoft Visual Studio Solution File, Format Version 12.00
# Visual Studio 2012
Project("{FAE04EC0-301F-11D3-BF4B-00C04F79EFBC}") = "Datos_labo", "Datos_labo\Datos_labo.csproj", "{B09180BC-87C8-447F-8504-AF8707D926D8}"
EndProject
Project("{FAE04EC0-301F-11D3-BF4B-00C04F79EFBC}") = "funciones", "funciones\funciones.csproj", "{4C800526-D11E-4D20-A703-F023A82C6EBC}"
EndProject
Global
	GlobalSection(SolutionConfigurationPlatforms) = preSolution
		Debug|Any CPU = Debug|Any CPU
		Release|Any CPU = Release|Any CPU
	EndGlobalSection
	GlobalSection(ProjectConfigurationPlatforms) = postSolution
		{B09180BC-87C8-447F-8504-AF8707D926D8}.Debug|Any CPU.ActiveCfg = Debug|Any CPU
		{B09180BC-87C8-447F-8504-AF8707D926D8}.Debug|Any CPU.Build.0 = Debug|Any CPU
		{B09180BC-87C8-447F-8504-AF8707D926D8}.Release|Any CPU.ActiveCfg = Release|Any CPU
		{B09180BC-87C8-447F-8504-AF8707D926D8}.Release|Any CPU.Build.0 = Release|Any CPU
		{4C800526-D11E-4D20-A703-F023A82C6EBC}.Debug|Any CPU.ActiveCfg = Debug|Any CPU
		{4C800526-D11E-4D20-A703-F023A82C6EBC}.Debug|Any CPU.Build.0 = Debug|Any CPU
		{4C800526-D11E-4D20-A703-F023A82C6EBC}.Release|Any CPU.ActiveCfg = Release|Any CPU
		{4C800526-D11E-4D20-A703-F023A82C6EBC}.Release|Any CPU.Build.0 = Release|Any CPU
	EndGlobalSection
	GlobalSection(SolutionProperties) = preSolution
		HideSolutionNode = FALSE
	EndGlobalSection
EndGlobal
